version: 1
files:
  packages/common/src/locale/dashboard/en.json:
    dashboard.title: 2938c7f7e560ed972f8a4f68e80ff834
    dashboard.description: f650603046597390c7e202553b2b9033
    settings.telegram.title: 1ddbd0a49932f6c1784e13e31f285376
    settings.telegram.description: ad8f3be53a7eed24d89fb41b20b685b1
    settings.telegram.linked: 7330094b095d2229d0774a58fa8000ff
    settings.telegram.recently: 9d37489d0dc3801455919cceb4b67e99
    settings.telegram.linkButton: 031129e8cba87236db403ef51daf40a1
    settings.telegram.option1: a424c4291d39df53d295a594fd6d5d57
    settings.telegram.option2: 9d690bb39492bcd2a1bec5cf02001d19
    settings.telegram.expires: f96c8e9c58ac0fac6c7615e06415de36
    onboarding.storeSetup.title: 7d76d7f2be8081594740e40d3b11f693
    onboarding.storeSetup.subtitle: ac80e9b3d153136a47b1f64bf183eb83
    onboarding.storeSetup.storeName.label: e3fb0b5e9ce53fe70b119648fc217f44
    onboarding.storeSetup.storeName.placeholder: cad95a3a1c59138e1827b7397c2c3b25
    onboarding.storeSetup.notifications.label: 4607837f65b2472c77e8e6b2c92304c5
    onboarding.storeSetup.notifications.options.email.label: 3caac88fd2cfb66b30bf5c3bb963e2ae
    onboarding.storeSetup.notifications.options.email.description: ffdefa4bc271ce0328e7ca43f303ca8e
    onboarding.storeSetup.notifications.options.telegram.label: 404c9554dc3cfb8c520796d4114739ba
    onboarding.storeSetup.notifications.options.telegram.description: f2dbf67a0e38b31420f83f2d83fb37e7
    onboarding.storeSetup.notifications.options.both.label: 130c5b3473c57faa76e2a1c54e26f88e
    onboarding.storeSetup.notifications.options.both.description: a168a30f111bc99a4d19d73f8a43bf02
    onboarding.storeSetup.submit: a0bfb8e59e6c13fc8d990781f77694fe
    onboarding.storeSetup.success: 881e8e2b145a0db16d3266973bbe0615
    onboarding.storeConfiguration.title: 453d90f549ba2b0fb3705acd5e005728
    onboarding.storeConfiguration.subtitle: 43a998374abbd308ffc241a811fa0706
    onboarding.storeConfiguration.category.label: cfb37d623974c20c0ecb035912c1d9d1
    onboarding.storeConfiguration.category.options.fashion.label: 93e002c712ad248bb0ade31909cef876
    onboarding.storeConfiguration.category.options.fashion.description: 96b1b876bcdb8193b39a8f5d4e6b6f31
    onboarding.storeConfiguration.category.options.electronics.label: ee3c6e8ed9c27c45f161ea416c997df8
    onboarding.storeConfiguration.category.options.electronics.description: c18c15d9576d7ad9d2d02c4448f2ca72
    onboarding.storeConfiguration.category.options.food.label: 0a38e7286ebbb560354992b3ce62be67
    onboarding.storeConfiguration.category.options.food.description: 0924a06128a281b8545cfb34b68d8112
    onboarding.storeConfiguration.category.options.home.label: 8cf04a9734132302f96da8e113e80ce5
    onboarding.storeConfiguration.category.options.home.description: a22910ff650f398c6e9503f43c298e50
    onboarding.storeConfiguration.category.options.beauty.label: 7a7f3a70f71ac2372ae60e431b8236bb
    onboarding.storeConfiguration.category.options.beauty.description: ab00aca5cc0b1260338194768031156f
    onboarding.storeConfiguration.category.options.sports.label: 918e180e06b96c76b7193c9fcb1cb312
    onboarding.storeConfiguration.category.options.sports.description: 69ebba82a6656d13d65db171ff67bbe4
    onboarding.storeConfiguration.category.options.books.label: 6225eb5bf8a031f750a1b03f810ccc6a
    onboarding.storeConfiguration.category.options.books.description: 71832af71280798e8cfce4b23cd7ac9e
    onboarding.storeConfiguration.category.options.toys.label: 66d0af2d5da0109dc2aae67829f7d4d4
    onboarding.storeConfiguration.category.options.toys.description: dedac511b245f7e8aa1e4b63ad2d01a9
    onboarding.storeConfiguration.category.options.other.label: 6311ae17c1ee52b36e68aaf4ad066387
    onboarding.storeConfiguration.category.options.other.description: 0c70b13506d16c2b353d42b13c72ffc1
    onboarding.storeConfiguration.theme.label: 329474a9c3e975d599cd00a3c36030f1
    onboarding.storeConfiguration.theme.options.light.label: 9914a0ce04a7b7b6a8e39bec55064b82
    onboarding.storeConfiguration.theme.options.light.description: af5a5f61f6d37f141e0518c434cfeb6f
    onboarding.storeConfiguration.theme.options.dark.label: a18366b217ebf811ad1886e4f4f865b2
    onboarding.storeConfiguration.theme.options.dark.description: 928a2d1d052a6ee11af80ec7cff6e691
    onboarding.storeConfiguration.theme.options.minimal.label: 30fc6bbba82125243ecf4ddb27fee645
    onboarding.storeConfiguration.theme.options.minimal.description: 9d910bbd57f51e87b7ac7976ae211a56
    onboarding.storeConfiguration.theme.options.modern.label: ad1c9cd3e7b07e2c364c985f73188054
    onboarding.storeConfiguration.theme.options.modern.description: c5a7623d4c137e797231cfba3dc5ddde
    onboarding.storeConfiguration.theme.options.classic.label: d35b51b639528d580362ca7042de6a0e
    onboarding.storeConfiguration.theme.options.classic.description: 4eac152faa912f3146080e0e88d9656a
    onboarding.storeConfiguration.submit: 223d7226693427e0983c422e4b359502
    onboarding.storeConfiguration.success: b351e532fe963aba69516fdf8bb28205
    onboarding.steps.signup: 08bd40c7543007ad06e4fce31618f6ec
    onboarding.steps.storeSetup: fdb0c388de01d545017cdf9ccf00eb72
    onboarding.steps.storeConfiguration: f1206f9fadc5ce41694f69129aecac26
    onboarding.steps.complete: e7d31fc0602fb2ede144d18cdffd816b
    onboarding.signup.title: 5bef23eb7efff2736c5583bda59e5eb7
    onboarding.signup.subtitle: 582f7ea78ee567fabccea0f30a84c9a6
    onboarding.signup.name.label: 85d497a141b77922ba13652ab6a477ad
    onboarding.signup.name.placeholder: 387af98b1574a74e12eb99f3ed220831
    onboarding.signup.email.label: b357b524e740bc85b9790a0712d84a30
    onboarding.signup.email.placeholder: 67135a14d3ac4f1369633dd006d6efec
    onboarding.signup.email.description: f9d130311c8a588156cbcb378221328f
    onboarding.signup.email.missingWarning: d521c6e229beb964e6f1f953d9382c3f
    onboarding.signup.password.label: f1c825f275f3380b633e09ea14f06544
    onboarding.signup.password.placeholder: 26e1b111a955bc60dd79b0b6332f2432
    onboarding.signup.submit: e2ddee0e1d9e8ac7a109d8b33e062330
    onboarding.signup.success: fc219cac122a57d6faadc38725a77ee7
    onboarding.signup.alreadyHaveAccount: 21bdc5689c12595ae14298354d5550d5
    onboarding.signup.login: bffe9a3c9a7e00ba00a11749e022d911
    onboarding.signup.agreeText: 88529250514e59f82efe79524aeee107
    onboarding.signup.terms: 6f1bf85c9ebb3c7fa26251e1e335e032
    onboarding.signup.and: 6cff047854f19ac2aa52aac51bf3af4a
    onboarding.signup.privacy: fa2ead697d9998cbc65c81384e6533d5
    onboarding.complete.title: 978ed8bb22fd798eaea3e8e7ae86a7d1
    onboarding.complete.subtitle: 2f21bba2484c8b88f5845465abaeb07e
    onboarding.complete.storeLink.label: 6ebbf0990d9e79ff27b6865a1e88aade
    onboarding.complete.storeLink.copied: d6d0cbf0ac318dcbd935ded98b08ddc2
    onboarding.complete.telegram.title: 6e56a79b742c452abf9e9f48cb782fa7
    onboarding.complete.telegram.description: ade7c0958a0151f48f7e05ff5631cc5f
    onboarding.complete.telegram.otpLabel: 305e47c4596845ee14a98c99f95a50e6
    onboarding.complete.telegram.connectButton: 49ab28040dfa07f53544970c6d147e1e
    onboarding.complete.telegram.instructions: 11dbd658fa33381cec6642a66355870e
    onboarding.complete.actions.addProduct: eef8322794ae681e3a56fb490afbb327
    onboarding.complete.actions.goToDashboard: d19e8ab738bcb64f6c960a6ee116b3b5
  packages/common/src/locale/web/en.json:
    common.title: 320d58a491caec758288fbdf545c9a89
    common.description: 315dfc45ae153c215808d037f1e93d3f
  packages/common/src/locale/storefront/en.json:
    storefront.title: f0dca7e4eaedf573d4664be249845942
    storefront.description: 72a7968024562003a2287b3c4c3949ca
    storefront.store.owner.title: 6b3bc34167e5c57ad206297bdf17078f
    storefront.store.products.title: 068f80c7519d0528fb08e82137a72131
    storefront.store.products.empty: 85c435036ee6b5b6ae8dc26b5c336e3a
